
Microsoft Visual Studio Solution File, Format Version 12.00
# Visual Studio Version 17
VisualStudioVersion = 17.6.33829.357
MinimumVisualStudioVersion = 10.0.40219.1
Project("{FAE04EC0-301F-11D3-BF4B-00C04F79EFBC}") = "StudentApp", "StudentApp\StudentApp.csproj", "{231E1EC2-A109-4E23-8EFF-2D0E3ED56E92}"
EndProject
Global
	GlobalSection(SolutionConfigurationPlatforms) = preSolution
		Debug|Any CPU = Debug|Any CPU
		Release|Any CPU = Release|Any CPU
	EndGlobalSection
	GlobalSection(ProjectConfigurationPlatforms) = postSolution
		{231E1EC2-A109-4E23-8EFF-2D0E3ED56E92}.Debug|Any CPU.ActiveCfg = Debug|Any CPU
		{231E1EC2-A109-4E23-8EFF-2D0E3ED56E92}.Debug|Any CPU.Build.0 = Debug|Any CPU
		{231E1EC2-A109-4E23-8EFF-2D0E3ED56E92}.Release|Any CPU.ActiveCfg = Release|Any CPU
		{231E1EC2-A109-4E23-8EFF-2D0E3ED56E92}.Release|Any CPU.Build.0 = Release|Any CPU
	EndGlobalSection
	GlobalSection(SolutionProperties) = preSolution
		HideSolutionNode = FALSE
	EndGlobalSection
	GlobalSection(ExtensibilityGlobals) = postSolution
		SolutionGuid = {A61F0616-9356-4B77-B0A8-B6036D274475}
	EndGlobalSection
EndGlobal
